// !$*UTF8*$!
{
	archiveVersion = 1;
	classes = {
	};
	objectVersion = 46;
	objects = {

/* Begin PBXBuildFile section */
		91C090911AC047BD008D7FAC /* dottrans.png in Resources */ = {isa = PBXBuildFile; fileRef = 91C090901AC047BD008D7FAC /* dottrans.png */; };
		91C090931AC04957008D7FAC /* orangedot.png in Resources */ = {isa = PBXBuildFile; fileRef = 91C090921AC04957008D7FAC /* orangedot.png */; };
		91C165AA1ABFFD2A007A1B41 /* addnewcases.png in Resources */ = {isa = PBXBuildFile; fileRef = 91C165A91ABFFD2A007A1B41 /* addnewcases.png */; };
		91C165AC1ABFFD3E007A1B41 /* assignmentbg.png in Resources */ = {isa = PBXBuildFile; fileRef = 91C165AB1ABFFD3E007A1B41 /* assignmentbg.png */; };
		91C165AE1ABFFD55007A1B41 /* backgroundlogin.png in Resources */ = {isa = PBXBuildFile; fileRef = 91C165AD1ABFFD55007A1B41 /* backgroundlogin.png */; };
		91C165B01ABFFD96007A1B41 /* greentick.png in Resources */ = {isa = PBXBuildFile; fileRef = 91C165AF1ABFFD96007A1B41 /* greentick.png */; };
		91C165B21ABFFDB0007A1B41 /* head.png in Resources */ = {isa = PBXBuildFile; fileRef = 91C165B11ABFFDB0007A1B41 /* head.png */; };
		91C165B41ABFFDC9007A1B41 /* icon_logout.png in Resources */ = {isa = PBXBuildFile; fileRef = 91C165B31ABFFDC9007A1B41 /* icon_logout.png */; };
		91C165B61ABFFE09007A1B41 /* myassignmentname.png in Resources */ = {isa = PBXBuildFile; fileRef = 91C165B51ABFFE09007A1B41 /* myassignmentname.png */; };
		91C165BB1AC01821007A1B41 /* AssignmentsCell.m in Sources */ = {isa = PBXBuildFile; fileRef = 91C165BA1AC01821007A1B41 /* AssignmentsCell.m */; };
		91C2287D1ABA983900E389AF /* main.m in Sources */ = {isa = PBXBuildFile; fileRef = 91C2287C1ABA983900E389AF /* main.m */; };
		91C228801ABA983900E389AF /* AppDelegate.m in Sources */ = {isa = PBXBuildFile; fileRef = 91C2287F1ABA983900E389AF /* AppDelegate.m */; };
		91C228831ABA983900E389AF /* WoundCare.xcdatamodeld in Sources */ = {isa = PBXBuildFile; fileRef = 91C228811ABA983900E389AF /* WoundCare.xcdatamodeld */; };
		91C228861ABA983900E389AF /* ViewController.m in Sources */ = {isa = PBXBuildFile; fileRef = 91C228851ABA983900E389AF /* ViewController.m */; };
		91C228891ABA983900E389AF /* Main.storyboard in Resources */ = {isa = PBXBuildFile; fileRef = 91C228871ABA983900E389AF /* Main.storyboard */; };
		91C2288B1ABA983900E389AF /* Images.xcassets in Resources */ = {isa = PBXBuildFile; fileRef = 91C2288A1ABA983900E389AF /* Images.xcassets */; };
		91C2288E1ABA983900E389AF /* LaunchScreen.xib in Resources */ = {isa = PBXBuildFile; fileRef = 91C2288C1ABA983900E389AF /* LaunchScreen.xib */; };
		91C2289A1ABA983900E389AF /* WoundCareTests.m in Sources */ = {isa = PBXBuildFile; fileRef = 91C228991ABA983900E389AF /* WoundCareTests.m */; };
		91C228A61ABA9A5D00E389AF /* Pain.m in Sources */ = {isa = PBXBuildFile; fileRef = 91C228A51ABA9A5D00E389AF /* Pain.m */; };
		91C228A91ABA9A5E00E389AF /* Education.m in Sources */ = {isa = PBXBuildFile; fileRef = 91C228A81ABA9A5E00E389AF /* Education.m */; };
		91C228AC1ABA9A5E00E389AF /* ReviewAssessment.m in Sources */ = {isa = PBXBuildFile; fileRef = 91C228AB1ABA9A5E00E389AF /* ReviewAssessment.m */; };
		91C228AF1ABA9A5E00E389AF /* ReviewBase.m in Sources */ = {isa = PBXBuildFile; fileRef = 91C228AE1ABA9A5E00E389AF /* ReviewBase.m */; };
		91C228B21ABA9A5E00E389AF /* Recommendations.m in Sources */ = {isa = PBXBuildFile; fileRef = 91C228B11ABA9A5E00E389AF /* Recommendations.m */; };
		91C228B51ABA9A5E00E389AF /* PatientDetails.m in Sources */ = {isa = PBXBuildFile; fileRef = 91C228B41ABA9A5E00E389AF /* PatientDetails.m */; };
		91C228B81ABA9A5E00E389AF /* Treatment.m in Sources */ = {isa = PBXBuildFile; fileRef = 91C228B71ABA9A5E00E389AF /* Treatment.m */; };
		91C228BB1ABA9A5E00E389AF /* Login.m in Sources */ = {isa = PBXBuildFile; fileRef = 91C228BA1ABA9A5E00E389AF /* Login.m */; };
		91C228BF1ABA9A9600E389AF /* CoreDataHelper.m in Sources */ = {isa = PBXBuildFile; fileRef = 91C228BE1ABA9A9600E389AF /* CoreDataHelper.m */; };
		91C228C21ABA9AF500E389AF /* AssignmentsViewController.m in Sources */ = {isa = PBXBuildFile; fileRef = 91C228C11ABA9AF500E389AF /* AssignmentsViewController.m */; };
		91C228C81ABA9B1B00E389AF /* sample.png in Resources */ = {isa = PBXBuildFile; fileRef = 91C228C51ABA9B1B00E389AF /* sample.png */; };
		91C228C91ABA9B1B00E389AF /* welcome_bg.png in Resources */ = {isa = PBXBuildFile; fileRef = 91C228C61ABA9B1B00E389AF /* welcome_bg.png */; };
		91C228CA1ABA9B1B00E389AF /* loginbutton.png in Resources */ = {isa = PBXBuildFile; fileRef = 91C228C71ABA9B1B00E389AF /* loginbutton.png */; };
		91C228CC1ABA9B2100E389AF /* textboxbig.png in Resources */ = {isa = PBXBuildFile; fileRef = 91C228CB1ABA9B2100E389AF /* textboxbig.png */; };
		91CD6F151AC150C300F56AE0 /* n1.png in Resources */ = {isa = PBXBuildFile; fileRef = 91CD6F091AC150C300F56AE0 /* n1.png */; };
		91CD6F161AC150C300F56AE0 /* n2.png in Resources */ = {isa = PBXBuildFile; fileRef = 91CD6F0A1AC150C300F56AE0 /* n2.png */; };
		91CD6F171AC150C300F56AE0 /* n2a.png in Resources */ = {isa = PBXBuildFile; fileRef = 91CD6F0B1AC150C300F56AE0 /* n2a.png */; };
		91CD6F181AC150C300F56AE0 /* n3.png in Resources */ = {isa = PBXBuildFile; fileRef = 91CD6F0C1AC150C300F56AE0 /* n3.png */; };
		91CD6F191AC150C300F56AE0 /* n4.png in Resources */ = {isa = PBXBuildFile; fileRef = 91CD6F0D1AC150C300F56AE0 /* n4.png */; };
		91CD6F1A1AC150C300F56AE0 /* n5.png in Resources */ = {isa = PBXBuildFile; fileRef = 91CD6F0E1AC150C300F56AE0 /* n5.png */; };
		91CD6F1B1AC150C300F56AE0 /* n5a.png in Resources */ = {isa = PBXBuildFile; fileRef = 91CD6F0F1AC150C300F56AE0 /* n5a.png */; };
		91CD6F1C1AC150C300F56AE0 /* n6.png in Resources */ = {isa = PBXBuildFile; fileRef = 91CD6F101AC150C300F56AE0 /* n6.png */; };
		91CD6F1D1AC150C300F56AE0 /* n7.png in Resources */ = {isa = PBXBuildFile; fileRef = 91CD6F111AC150C300F56AE0 /* n7.png */; };
		91CD6F1E1AC150C300F56AE0 /* n8.png in Resources */ = {isa = PBXBuildFile; fileRef = 91CD6F121AC150C300F56AE0 /* n8.png */; };
		91CD6F1F1AC150C300F56AE0 /* n8a.png in Resources */ = {isa = PBXBuildFile; fileRef = 91CD6F131AC150C300F56AE0 /* n8a.png */; };
		91CD6F201AC150C300F56AE0 /* n9.png in Resources */ = {isa = PBXBuildFile; fileRef = 91CD6F141AC150C300F56AE0 /* n9.png */; };
		91CD6F231AC150C800F56AE0 /* n0.png in Resources */ = {isa = PBXBuildFile; fileRef = 91CD6F211AC150C800F56AE0 /* n0.png */; };
		91CD6F241AC150C800F56AE0 /* n0a.png in Resources */ = {isa = PBXBuildFile; fileRef = 91CD6F221AC150C800F56AE0 /* n0a.png */; };
		91CD6F261AC150D500F56AE0 /* backspace.png in Resources */ = {isa = PBXBuildFile; fileRef = 91CD6F251AC150D500F56AE0 /* backspace.png */; };
		91CD6F281AC1513B00F56AE0 /* dot.png in Resources */ = {isa = PBXBuildFile; fileRef = 91CD6F271AC1513B00F56AE0 /* dot.png */; };
		91CD6F2B1AC151A400F56AE0 /* NumberEntryViewController.m in Sources */ = {isa = PBXBuildFile; fileRef = 91CD6F2A1AC151A400F56AE0 /* NumberEntryViewController.m */; };
		91D48F081AC16441003F8B0A /* AddAssignmentPopOverController.m in Sources */ = {isa = PBXBuildFile; fileRef = 91D48F071AC16441003F8B0A /* AddAssignmentPopOverController.m */; };
		91D48F0B1AC16485003F8B0A /* AssignmentTypePopOverController.m in Sources */ = {isa = PBXBuildFile; fileRef = 91D48F0A1AC16485003F8B0A /* AssignmentTypePopOverController.m */; };
		91D48F0D1AC1655F003F8B0A /* checkboxun.png in Resources */ = {isa = PBXBuildFile; fileRef = 91D48F0C1AC1655F003F8B0A /* checkboxun.png */; };
/* End PBXBuildFile section */

/* Begin PBXContainerItemProxy section */
		91C228941ABA983900E389AF /* PBXContainerItemProxy */ = {
			isa = PBXContainerItemProxy;
			containerPortal = 91C2286F1ABA983900E389AF /* Project object */;
			proxyType = 1;
			remoteGlobalIDString = 91C228761ABA983900E389AF;
			remoteInfo = WoundCare;
		};
/* End PBXContainerItemProxy section */

/* Begin PBXFileReference section */
		91C090901AC047BD008D7FAC /* dottrans.png */ = {isa = PBXFileReference; lastKnownFileType = image.png; path = dottrans.png; sourceTree = "<group>"; };
		91C090921AC04957008D7FAC /* orangedot.png */ = {isa = PBXFileReference; lastKnownFileType = image.png; path = orangedot.png; sourceTree = "<group>"; };
		91C165A91ABFFD2A007A1B41 /* addnewcases.png */ = {isa = PBXFileReference; lastKnownFileType = image.png; path = addnewcases.png; sourceTree = "<group>"; };
		91C165AB1ABFFD3E007A1B41 /* assignmentbg.png */ = {isa = PBXFileReference; lastKnownFileType = image.png; path = assignmentbg.png; sourceTree = "<group>"; };
		91C165AD1ABFFD55007A1B41 /* backgroundlogin.png */ = {isa = PBXFileReference; lastKnownFileType = image.png; path = backgroundlogin.png; sourceTree = "<group>"; };
		91C165AF1ABFFD96007A1B41 /* greentick.png */ = {isa = PBXFileReference; lastKnownFileType = image.png; path = greentick.png; sourceTree = "<group>"; };
		91C165B11ABFFDB0007A1B41 /* head.png */ = {isa = PBXFileReference; lastKnownFileType = image.png; path = head.png; sourceTree = "<group>"; };
		91C165B31ABFFDC9007A1B41 /* icon_logout.png */ = {isa = PBXFileReference; lastKnownFileType = image.png; path = icon_logout.png; sourceTree = "<group>"; };
		91C165B51ABFFE09007A1B41 /* myassignmentname.png */ = {isa = PBXFileReference; lastKnownFileType = image.png; path = myassignmentname.png; sourceTree = "<group>"; };
		91C165B91AC01821007A1B41 /* AssignmentsCell.h */ = {isa = PBXFileReference; fileEncoding = 4; lastKnownFileType = sourcecode.c.h; path = AssignmentsCell.h; sourceTree = "<group>"; };
		91C165BA1AC01821007A1B41 /* AssignmentsCell.m */ = {isa = PBXFileReference; fileEncoding = 4; lastKnownFileType = sourcecode.c.objc; path = AssignmentsCell.m; sourceTree = "<group>"; };
		91C228771ABA983900E389AF /* WoundCare.app */ = {isa = PBXFileReference; explicitFileType = wrapper.application; includeInIndex = 0; path = WoundCare.app; sourceTree = BUILT_PRODUCTS_DIR; };
		91C2287B1ABA983900E389AF /* Info.plist */ = {isa = PBXFileReference; lastKnownFileType = text.plist.xml; path = Info.plist; sourceTree = "<group>"; };
		91C2287C1ABA983900E389AF /* main.m */ = {isa = PBXFileReference; lastKnownFileType = sourcecode.c.objc; path = main.m; sourceTree = "<group>"; };
		91C2287E1ABA983900E389AF /* AppDelegate.h */ = {isa = PBXFileReference; lastKnownFileType = sourcecode.c.h; path = AppDelegate.h; sourceTree = "<group>"; };
		91C2287F1ABA983900E389AF /* AppDelegate.m */ = {isa = PBXFileReference; lastKnownFileType = sourcecode.c.objc; path = AppDelegate.m; sourceTree = "<group>"; };
		91C228821ABA983900E389AF /* WoundCare.xcdatamodel */ = {isa = PBXFileReference; lastKnownFileType = wrapper.xcdatamodel; path = WoundCare.xcdatamodel; sourceTree = "<group>"; };
		91C228841ABA983900E389AF /* ViewController.h */ = {isa = PBXFileReference; lastKnownFileType = sourcecode.c.h; path = ViewController.h; sourceTree = "<group>"; };
		91C228851ABA983900E389AF /* ViewController.m */ = {isa = PBXFileReference; lastKnownFileType = sourcecode.c.objc; path = ViewController.m; sourceTree = "<group>"; };
		91C228881ABA983900E389AF /* Base */ = {isa = PBXFileReference; lastKnownFileType = file.storyboard; name = Base; path = Base.lproj/Main.storyboard; sourceTree = "<group>"; };
		91C2288A1ABA983900E389AF /* Images.xcassets */ = {isa = PBXFileReference; lastKnownFileType = folder.assetcatalog; path = Images.xcassets; sourceTree = "<group>"; };
		91C2288D1ABA983900E389AF /* Base */ = {isa = PBXFileReference; lastKnownFileType = file.xib; name = Base; path = Base.lproj/LaunchScreen.xib; sourceTree = "<group>"; };
		91C228931ABA983900E389AF /* WoundCareTests.xctest */ = {isa = PBXFileReference; explicitFileType = wrapper.cfbundle; includeInIndex = 0; path = WoundCareTests.xctest; sourceTree = BUILT_PRODUCTS_DIR; };
		91C228981ABA983900E389AF /* Info.plist */ = {isa = PBXFileReference; lastKnownFileType = text.plist.xml; path = Info.plist; sourceTree = "<group>"; };
		91C228991ABA983900E389AF /* WoundCareTests.m */ = {isa = PBXFileReference; lastKnownFileType = sourcecode.c.objc; path = WoundCareTests.m; sourceTree = "<group>"; };
		91C228A41ABA9A5D00E389AF /* Pain.h */ = {isa = PBXFileReference; fileEncoding = 4; lastKnownFileType = sourcecode.c.h; path = Pain.h; sourceTree = "<group>"; };
		91C228A51ABA9A5D00E389AF /* Pain.m */ = {isa = PBXFileReference; fileEncoding = 4; lastKnownFileType = sourcecode.c.objc; path = Pain.m; sourceTree = "<group>"; };
		91C228A71ABA9A5E00E389AF /* Education.h */ = {isa = PBXFileReference; fileEncoding = 4; lastKnownFileType = sourcecode.c.h; path = Education.h; sourceTree = "<group>"; };
		91C228A81ABA9A5E00E389AF /* Education.m */ = {isa = PBXFileReference; fileEncoding = 4; lastKnownFileType = sourcecode.c.objc; path = Education.m; sourceTree = "<group>"; };
		91C228AA1ABA9A5E00E389AF /* ReviewAssessment.h */ = {isa = PBXFileReference; fileEncoding = 4; lastKnownFileType = sourcecode.c.h; path = ReviewAssessment.h; sourceTree = "<group>"; };
		91C228AB1ABA9A5E00E389AF /* ReviewAssessment.m */ = {isa = PBXFileReference; fileEncoding = 4; lastKnownFileType = sourcecode.c.objc; path = ReviewAssessment.m; sourceTree = "<group>"; };
		91C228AD1ABA9A5E00E389AF /* ReviewBase.h */ = {isa = PBXFileReference; fileEncoding = 4; lastKnownFileType = sourcecode.c.h; path = ReviewBase.h; sourceTree = "<group>"; };
		91C228AE1ABA9A5E00E389AF /* ReviewBase.m */ = {isa = PBXFileReference; fileEncoding = 4; lastKnownFileType = sourcecode.c.objc; path = ReviewBase.m; sourceTree = "<group>"; };
		91C228B01ABA9A5E00E389AF /* Recommendations.h */ = {isa = PBXFileReference; fileEncoding = 4; lastKnownFileType = sourcecode.c.h; path = Recommendations.h; sourceTree = "<group>"; };
		91C228B11ABA9A5E00E389AF /* Recommendations.m */ = {isa = PBXFileReference; fileEncoding = 4; lastKnownFileType = sourcecode.c.objc; path = Recommendations.m; sourceTree = "<group>"; };
		91C228B31ABA9A5E00E389AF /* PatientDetails.h */ = {isa = PBXFileReference; fileEncoding = 4; lastKnownFileType = sourcecode.c.h; path = PatientDetails.h; sourceTree = "<group>"; };
		91C228B41ABA9A5E00E389AF /* PatientDetails.m */ = {isa = PBXFileReference; fileEncoding = 4; lastKnownFileType = sourcecode.c.objc; path = PatientDetails.m; sourceTree = "<group>"; };
		91C228B61ABA9A5E00E389AF /* Treatment.h */ = {isa = PBXFileReference; fileEncoding = 4; lastKnownFileType = sourcecode.c.h; path = Treatment.h; sourceTree = "<group>"; };
		91C228B71ABA9A5E00E389AF /* Treatment.m */ = {isa = PBXFileReference; fileEncoding = 4; lastKnownFileType = sourcecode.c.objc; path = Treatment.m; sourceTree = "<group>"; };
		91C228B91ABA9A5E00E389AF /* Login.h */ = {isa = PBXFileReference; fileEncoding = 4; lastKnownFileType = sourcecode.c.h; path = Login.h; sourceTree = "<group>"; };
		91C228BA1ABA9A5E00E389AF /* Login.m */ = {isa = PBXFileReference; fileEncoding = 4; lastKnownFileType = sourcecode.c.objc; path = Login.m; sourceTree = "<group>"; };
		91C228BD1ABA9A9600E389AF /* CoreDataHelper.h */ = {isa = PBXFileReference; fileEncoding = 4; lastKnownFileType = sourcecode.c.h; path = CoreDataHelper.h; sourceTree = "<group>"; };
		91C228BE1ABA9A9600E389AF /* CoreDataHelper.m */ = {isa = PBXFileReference; fileEncoding = 4; lastKnownFileType = sourcecode.c.objc; path = CoreDataHelper.m; sourceTree = "<group>"; };
		91C228C01ABA9AF500E389AF /* AssignmentsViewController.h */ = {isa = PBXFileReference; fileEncoding = 4; lastKnownFileType = sourcecode.c.h; path = AssignmentsViewController.h; sourceTree = "<group>"; };
		91C228C11ABA9AF500E389AF /* AssignmentsViewController.m */ = {isa = PBXFileReference; fileEncoding = 4; lastKnownFileType = sourcecode.c.objc; path = AssignmentsViewController.m; sourceTree = "<group>"; };
		91C228C51ABA9B1B00E389AF /* sample.png */ = {isa = PBXFileReference; lastKnownFileType = image.png; path = sample.png; sourceTree = "<group>"; };
		91C228C61ABA9B1B00E389AF /* welcome_bg.png */ = {isa = PBXFileReference; lastKnownFileType = image.png; path = welcome_bg.png; sourceTree = "<group>"; };
		91C228C71ABA9B1B00E389AF /* loginbutton.png */ = {isa = PBXFileReference; lastKnownFileType = image.png; path = loginbutton.png; sourceTree = "<group>"; };
		91C228CB1ABA9B2100E389AF /* textboxbig.png */ = {isa = PBXFileReference; lastKnownFileType = image.png; path = textboxbig.png; sourceTree = "<group>"; };
		91CD6F091AC150C300F56AE0 /* n1.png */ = {isa = PBXFileReference; lastKnownFileType = image.png; path = n1.png; sourceTree = "<group>"; };
		91CD6F0A1AC150C300F56AE0 /* n2.png */ = {isa = PBXFileReference; lastKnownFileType = image.png; path = n2.png; sourceTree = "<group>"; };
		91CD6F0B1AC150C300F56AE0 /* n2a.png */ = {isa = PBXFileReference; lastKnownFileType = image.png; path = n2a.png; sourceTree = "<group>"; };
		91CD6F0C1AC150C300F56AE0 /* n3.png */ = {isa = PBXFileReference; lastKnownFileType = image.png; path = n3.png; sourceTree = "<group>"; };
		91CD6F0D1AC150C300F56AE0 /* n4.png */ = {isa = PBXFileReference; lastKnownFileType = image.png; path = n4.png; sourceTree = "<group>"; };
		91CD6F0E1AC150C300F56AE0 /* n5.png */ = {isa = PBXFileReference; lastKnownFileType = image.png; path = n5.png; sourceTree = "<group>"; };
		91CD6F0F1AC150C300F56AE0 /* n5a.png */ = {isa = PBXFileReference; lastKnownFileType = image.png; path = n5a.png; sourceTree = "<group>"; };
		91CD6F101AC150C300F56AE0 /* n6.png */ = {isa = PBXFileReference; lastKnownFileType = image.png; path = n6.png; sourceTree = "<group>"; };
		91CD6F111AC150C300F56AE0 /* n7.png */ = {isa = PBXFileReference; lastKnownFileType = image.png; path = n7.png; sourceTree = "<group>"; };
		91CD6F121AC150C300F56AE0 /* n8.png */ = {isa = PBXFileReference; lastKnownFileType = image.png; path = n8.png; sourceTree = "<group>"; };
		91CD6F131AC150C300F56AE0 /* n8a.png */ = {isa = PBXFileReference; lastKnownFileType = image.png; path = n8a.png; sourceTree = "<group>"; };
		91CD6F141AC150C300F56AE0 /* n9.png */ = {isa = PBXFileReference; lastKnownFileType = image.png; path = n9.png; sourceTree = "<group>"; };
		91CD6F211AC150C800F56AE0 /* n0.png */ = {isa = PBXFileReference; lastKnownFileType = image.png; path = n0.png; sourceTree = "<group>"; };
		91CD6F221AC150C800F56AE0 /* n0a.png */ = {isa = PBXFileReference; lastKnownFileType = image.png; path = n0a.png; sourceTree = "<group>"; };
		91CD6F251AC150D500F56AE0 /* backspace.png */ = {isa = PBXFileReference; lastKnownFileType = image.png; path = backspace.png; sourceTree = "<group>"; };
		91CD6F271AC1513B00F56AE0 /* dot.png */ = {isa = PBXFileReference; lastKnownFileType = image.png; path = dot.png; sourceTree = "<group>"; };
		91CD6F291AC151A400F56AE0 /* NumberEntryViewController.h */ = {isa = PBXFileReference; fileEncoding = 4; lastKnownFileType = sourcecode.c.h; path = NumberEntryViewController.h; sourceTree = "<group>"; };
		91CD6F2A1AC151A400F56AE0 /* NumberEntryViewController.m */ = {isa = PBXFileReference; fileEncoding = 4; lastKnownFileType = sourcecode.c.objc; path = NumberEntryViewController.m; sourceTree = "<group>"; };
		91D48F061AC16441003F8B0A /* AddAssignmentPopOverController.h */ = {isa = PBXFileReference; fileEncoding = 4; lastKnownFileType = sourcecode.c.h; path = AddAssignmentPopOverController.h; sourceTree = "<group>"; };
		91D48F071AC16441003F8B0A /* AddAssignmentPopOverController.m */ = {isa = PBXFileReference; fileEncoding = 4; lastKnownFileType = sourcecode.c.objc; path = AddAssignmentPopOverController.m; sourceTree = "<group>"; };
		91D48F091AC16485003F8B0A /* AssignmentTypePopOverController.h */ = {isa = PBXFileReference; fileEncoding = 4; lastKnownFileType = sourcecode.c.h; path = AssignmentTypePopOverController.h; sourceTree = "<group>"; };
		91D48F0A1AC16485003F8B0A /* AssignmentTypePopOverController.m */ = {isa = PBXFileReference; fileEncoding = 4; lastKnownFileType = sourcecode.c.objc; path = AssignmentTypePopOverController.m; sourceTree = "<group>"; };
		91D48F0C1AC1655F003F8B0A /* checkboxun.png */ = {isa = PBXFileReference; lastKnownFileType = image.png; path = checkboxun.png; sourceTree = "<group>"; };
		91D48F0E1AC18F15003F8B0A /* DismissPopOver.h */ = {isa = PBXFileReference; fileEncoding = 4; lastKnownFileType = sourcecode.c.h; path = DismissPopOver.h; sourceTree = "<group>"; };
/* End PBXFileReference section */

/* Begin PBXFrameworksBuildPhase section */
		91C228741ABA983900E389AF /* Frameworks */ = {
			isa = PBXFrameworksBuildPhase;
			buildActionMask = 2147483647;
			files = (
			);
			runOnlyForDeploymentPostprocessing = 0;
		};
		91C228901ABA983900E389AF /* Frameworks */ = {
			isa = PBXFrameworksBuildPhase;
			buildActionMask = 2147483647;
			files = (
			);
			runOnlyForDeploymentPostprocessing = 0;
		};
/* End PBXFrameworksBuildPhase section */

/* Begin PBXGroup section */
		91C165A81ABFFD1F007A1B41 /* assignments */ = {
			isa = PBXGroup;
			children = (
				91D48F0C1AC1655F003F8B0A /* checkboxun.png */,
				91C090921AC04957008D7FAC /* orangedot.png */,
				91C090901AC047BD008D7FAC /* dottrans.png */,
				91C165B51ABFFE09007A1B41 /* myassignmentname.png */,
				91C165B31ABFFDC9007A1B41 /* icon_logout.png */,
				91C165B11ABFFDB0007A1B41 /* head.png */,
				91C165AD1ABFFD55007A1B41 /* backgroundlogin.png */,
				91C165AB1ABFFD3E007A1B41 /* assignmentbg.png */,
				91C165A91ABFFD2A007A1B41 /* addnewcases.png */,
			);
			name = assignments;
			sourceTree = "<group>";
		};
		91C2286E1ABA983900E389AF = {
			isa = PBXGroup;
			children = (
				91C228C31ABA9B0C00E389AF /* images */,
				91C228BC1ABA9A8300E389AF /* CoreDataHelper */,
				91C228A31ABA9A3F00E389AF /* DataModels */,
				91C228791ABA983900E389AF /* WoundCare */,
				91C228961ABA983900E389AF /* WoundCareTests */,
				91C228781ABA983900E389AF /* Products */,
			);
			sourceTree = "<group>";
		};
		91C228781ABA983900E389AF /* Products */ = {
			isa = PBXGroup;
			children = (
				91C228771ABA983900E389AF /* WoundCare.app */,
				91C228931ABA983900E389AF /* WoundCareTests.xctest */,
			);
			name = Products;
			sourceTree = "<group>";
		};
		91C228791ABA983900E389AF /* WoundCare */ = {
			isa = PBXGroup;
			children = (
				91D48F0E1AC18F15003F8B0A /* DismissPopOver.h */,
				91C228C01ABA9AF500E389AF /* AssignmentsViewController.h */,
				91C228C11ABA9AF500E389AF /* AssignmentsViewController.m */,
				91D48F061AC16441003F8B0A /* AddAssignmentPopOverController.h */,
				91D48F071AC16441003F8B0A /* AddAssignmentPopOverController.m */,
				91D48F091AC16485003F8B0A /* AssignmentTypePopOverController.h */,
				91D48F0A1AC16485003F8B0A /* AssignmentTypePopOverController.m */,
				91CD6F291AC151A400F56AE0 /* NumberEntryViewController.h */,
				91CD6F2A1AC151A400F56AE0 /* NumberEntryViewController.m */,
				91C2287E1ABA983900E389AF /* AppDelegate.h */,
				91C2287F1ABA983900E389AF /* AppDelegate.m */,
				91C228841ABA983900E389AF /* ViewController.h */,
				91C228851ABA983900E389AF /* ViewController.m */,
				91C228871ABA983900E389AF /* Main.storyboard */,
				91C2288A1ABA983900E389AF /* Images.xcassets */,
				91C2288C1ABA983900E389AF /* LaunchScreen.xib */,
				91C228811ABA983900E389AF /* WoundCare.xcdatamodeld */,
				91C2287A1ABA983900E389AF /* Supporting Files */,
				91C165B91AC01821007A1B41 /* AssignmentsCell.h */,
				91C165BA1AC01821007A1B41 /* AssignmentsCell.m */,
			);
			path = WoundCare;
			sourceTree = "<group>";
		};
		91C2287A1ABA983900E389AF /* Supporting Files */ = {
			isa = PBXGroup;
			children = (
				91C2287B1ABA983900E389AF /* Info.plist */,
				91C2287C1ABA983900E389AF /* main.m */,
			);
			name = "Supporting Files";
			sourceTree = "<group>";
		};
		91C228961ABA983900E389AF /* WoundCareTests */ = {
			isa = PBXGroup;
			children = (
				91C228991ABA983900E389AF /* WoundCareTests.m */,
				91C228971ABA983900E389AF /* Supporting Files */,
			);
			path = WoundCareTests;
			sourceTree = "<group>";
		};
		91C228971ABA983900E389AF /* Supporting Files */ = {
			isa = PBXGroup;
			children = (
				91C228981ABA983900E389AF /* Info.plist */,
			);
			name = "Supporting Files";
			sourceTree = "<group>";
		};
		91C228A31ABA9A3F00E389AF /* DataModels */ = {
			isa = PBXGroup;
			children = (
				91C228B91ABA9A5E00E389AF /* Login.h */,
				91C228BA1ABA9A5E00E389AF /* Login.m */,
				91C228B61ABA9A5E00E389AF /* Treatment.h */,
				91C228B71ABA9A5E00E389AF /* Treatment.m */,
				91C228B31ABA9A5E00E389AF /* PatientDetails.h */,
				91C228B41ABA9A5E00E389AF /* PatientDetails.m */,
				91C228B01ABA9A5E00E389AF /* Recommendations.h */,
				91C228B11ABA9A5E00E389AF /* Recommendations.m */,
				91C228AD1ABA9A5E00E389AF /* ReviewBase.h */,
				91C228AE1ABA9A5E00E389AF /* ReviewBase.m */,
				91C228AA1ABA9A5E00E389AF /* ReviewAssessment.h */,
				91C228AB1ABA9A5E00E389AF /* ReviewAssessment.m */,
				91C228A71ABA9A5E00E389AF /* Education.h */,
				91C228A81ABA9A5E00E389AF /* Education.m */,
				91C228A41ABA9A5D00E389AF /* Pain.h */,
				91C228A51ABA9A5D00E389AF /* Pain.m */,
			);
			name = DataModels;
			sourceTree = "<group>";
		};
		91C228BC1ABA9A8300E389AF /* CoreDataHelper */ = {
			isa = PBXGroup;
			children = (
				91C228BD1ABA9A9600E389AF /* CoreDataHelper.h */,
				91C228BE1ABA9A9600E389AF /* CoreDataHelper.m */,
			);
			name = CoreDataHelper;
			sourceTree = "<group>";
		};
		91C228C31ABA9B0C00E389AF /* images */ = {
			isa = PBXGroup;
			children = (
				91CD6F081AC150B300F56AE0 /* numbersView */,
				91C165AF1ABFFD96007A1B41 /* greentick.png */,
				91C165A81ABFFD1F007A1B41 /* assignments */,
				91C228CB1ABA9B2100E389AF /* textboxbig.png */,
				91C228C41ABA9B1100E389AF /* login */,
			);
			name = images;
			sourceTree = "<group>";
		};
		91C228C41ABA9B1100E389AF /* login */ = {
			isa = PBXGroup;
			children = (
				91C228C51ABA9B1B00E389AF /* sample.png */,
				91C228C61ABA9B1B00E389AF /* welcome_bg.png */,
				91C228C71ABA9B1B00E389AF /* loginbutton.png */,
			);
			name = login;
			sourceTree = "<group>";
		};
		91CD6F081AC150B300F56AE0 /* numbersView */ = {
			isa = PBXGroup;
			children = (
				91CD6F271AC1513B00F56AE0 /* dot.png */,
				91CD6F251AC150D500F56AE0 /* backspace.png */,
				91CD6F211AC150C800F56AE0 /* n0.png */,
				91CD6F221AC150C800F56AE0 /* n0a.png */,
				91CD6F091AC150C300F56AE0 /* n1.png */,
				91CD6F0A1AC150C300F56AE0 /* n2.png */,
				91CD6F0B1AC150C300F56AE0 /* n2a.png */,
				91CD6F0C1AC150C300F56AE0 /* n3.png */,
				91CD6F0D1AC150C300F56AE0 /* n4.png */,
				91CD6F0E1AC150C300F56AE0 /* n5.png */,
				91CD6F0F1AC150C300F56AE0 /* n5a.png */,
				91CD6F101AC150C300F56AE0 /* n6.png */,
				91CD6F111AC150C300F56AE0 /* n7.png */,
				91CD6F121AC150C300F56AE0 /* n8.png */,
				91CD6F131AC150C300F56AE0 /* n8a.png */,
				91CD6F141AC150C300F56AE0 /* n9.png */,
			);
			name = numbersView;
			sourceTree = "<group>";
		};
/* End PBXGroup section */

/* Begin PBXNativeTarget section */
		91C228761ABA983900E389AF /* WoundCare */ = {
			isa = PBXNativeTarget;
			buildConfigurationList = 91C2289D1ABA983900E389AF /* Build configuration list for PBXNativeTarget "WoundCare" */;
			buildPhases = (
				91C228731ABA983900E389AF /* Sources */,
				91C228741ABA983900E389AF /* Frameworks */,
				91C228751ABA983900E389AF /* Resources */,
			);
			buildRules = (
			);
			dependencies = (
			);
			name = WoundCare;
			productName = WoundCare;
			productReference = 91C228771ABA983900E389AF /* WoundCare.app */;
			productType = "com.apple.product-type.application";
		};
		91C228921ABA983900E389AF /* WoundCareTests */ = {
			isa = PBXNativeTarget;
			buildConfigurationList = 91C228A01ABA983900E389AF /* Build configuration list for PBXNativeTarget "WoundCareTests" */;
			buildPhases = (
				91C2288F1ABA983900E389AF /* Sources */,
				91C228901ABA983900E389AF /* Frameworks */,
				91C228911ABA983900E389AF /* Resources */,
			);
			buildRules = (
			);
			dependencies = (
				91C228951ABA983900E389AF /* PBXTargetDependency */,
			);
			name = WoundCareTests;
			productName = WoundCareTests;
			productReference = 91C228931ABA983900E389AF /* WoundCareTests.xctest */;
			productType = "com.apple.product-type.bundle.unit-test";
		};
/* End PBXNativeTarget section */

/* Begin PBXProject section */
		91C2286F1ABA983900E389AF /* Project object */ = {
			isa = PBXProject;
			attributes = {
				LastUpgradeCheck = 0610;
				TargetAttributes = {
					91C228761ABA983900E389AF = {
						CreatedOnToolsVersion = 6.1.1;
					};
					91C228921ABA983900E389AF = {
						CreatedOnToolsVersion = 6.1.1;
						TestTargetID = 91C228761ABA983900E389AF;
					};
				};
			};
			buildConfigurationList = 91C228721ABA983900E389AF /* Build configuration list for PBXProject "WoundCare" */;
			compatibilityVersion = "Xcode 3.2";
			developmentRegion = English;
			hasScannedForEncodings = 0;
			knownRegions = (
				en,
				Base,
			);
			mainGroup = 91C2286E1ABA983900E389AF;
			productRefGroup = 91C228781ABA983900E389AF /* Products */;
			projectDirPath = "";
			projectRoot = "";
			targets = (
				91C228761ABA983900E389AF /* WoundCare */,
				91C228921ABA983900E389AF /* WoundCareTests */,
			);
		};
/* End PBXProject section */

/* Begin PBXResourcesBuildPhase section */
		91C228751ABA983900E389AF /* Resources */ = {
			isa = PBXResourcesBuildPhase;
			buildActionMask = 2147483647;
			files = (
				91C090911AC047BD008D7FAC /* dottrans.png in Resources */,
				91CD6F281AC1513B00F56AE0 /* dot.png in Resources */,
				91C228891ABA983900E389AF /* Main.storyboard in Resources */,
				91CD6F231AC150C800F56AE0 /* n0.png in Resources */,
				91CD6F241AC150C800F56AE0 /* n0a.png in Resources */,
				91C228CC1ABA9B2100E389AF /* textboxbig.png in Resources */,
				91C165B41ABFFDC9007A1B41 /* icon_logout.png in Resources */,
				91CD6F201AC150C300F56AE0 /* n9.png in Resources */,
				91CD6F1A1AC150C300F56AE0 /* n5.png in Resources */,
				91CD6F1B1AC150C300F56AE0 /* n5a.png in Resources */,
				91CD6F261AC150D500F56AE0 /* backspace.png in Resources */,
				91C228C91ABA9B1B00E389AF /* welcome_bg.png in Resources */,
				91CD6F191AC150C300F56AE0 /* n4.png in Resources */,
				91C165AC1ABFFD3E007A1B41 /* assignmentbg.png in Resources */,
				91CD6F1F1AC150C300F56AE0 /* n8a.png in Resources */,
				91C165AA1ABFFD2A007A1B41 /* addnewcases.png in Resources */,
				91CD6F1D1AC150C300F56AE0 /* n7.png in Resources */,
				91C165AE1ABFFD55007A1B41 /* backgroundlogin.png in Resources */,
				91C2288E1ABA983900E389AF /* LaunchScreen.xib in Resources */,
				91CD6F1E1AC150C300F56AE0 /* n8.png in Resources */,
				91C2288B1ABA983900E389AF /* Images.xcassets in Resources */,
				91CD6F181AC150C300F56AE0 /* n3.png in Resources */,
				91C165B21ABFFDB0007A1B41 /* head.png in Resources */,
				91C165B61ABFFE09007A1B41 /* myassignmentname.png in Resources */,
				91D48F0D1AC1655F003F8B0A /* checkboxun.png in Resources */,
				91C228C81ABA9B1B00E389AF /* sample.png in Resources */,
				91CD6F161AC150C300F56AE0 /* n2.png in Resources */,
				91C090931AC04957008D7FAC /* orangedot.png in Resources */,
				91CD6F171AC150C300F56AE0 /* n2a.png in Resources */,
				91C165B01ABFFD96007A1B41 /* greentick.png in Resources */,
				91CD6F1C1AC150C300F56AE0 /* n6.png in Resources */,
				91C228CA1ABA9B1B00E389AF /* loginbutton.png in Resources */,
				91CD6F151AC150C300F56AE0 /* n1.png in Resources */,
			);
			runOnlyForDeploymentPostprocessing = 0;
		};
		91C228911ABA983900E389AF /* Resources */ = {
			isa = PBXResourcesBuildPhase;
			buildActionMask = 2147483647;
			files = (
			);
			runOnlyForDeploymentPostprocessing = 0;
		};
/* End PBXResourcesBuildPhase section */

/* Begin PBXSourcesBuildPhase section */
		91C228731ABA983900E389AF /* Sources */ = {
			isa = PBXSourcesBuildPhase;
			buildActionMask = 2147483647;
			files = (
				91CD6F2B1AC151A400F56AE0 /* NumberEntryViewController.m in Sources */,
				91C228A61ABA9A5D00E389AF /* Pain.m in Sources */,
				91D48F0B1AC16485003F8B0A /* AssignmentTypePopOverController.m in Sources */,
				91C165BB1AC01821007A1B41 /* AssignmentsCell.m in Sources */,
				91D48F081AC16441003F8B0A /* AddAssignmentPopOverController.m in Sources */,
				91C228B21ABA9A5E00E389AF /* Recommendations.m in Sources */,
				91C228AC1ABA9A5E00E389AF /* ReviewAssessment.m in Sources */,
				91C228BB1ABA9A5E00E389AF /* Login.m in Sources */,
				91C228831ABA983900E389AF /* WoundCare.xcdatamodeld in Sources */,
				91C228C21ABA9AF500E389AF /* AssignmentsViewController.m in Sources */,
				91C228801ABA983900E389AF /* AppDelegate.m in Sources */,
				91C228AF1ABA9A5E00E389AF /* ReviewBase.m in Sources */,
				91C228861ABA983900E389AF /* ViewController.m in Sources */,
				91C228B81ABA9A5E00E389AF /* Treatment.m in Sources */,
				91C228A91ABA9A5E00E389AF /* Education.m in Sources */,
				91C228BF1ABA9A9600E389AF /* CoreDataHelper.m in Sources */,
				91C228B51ABA9A5E00E389AF /* PatientDetails.m in Sources */,
				91C2287D1ABA983900E389AF /* main.m in Sources */,
			);
			runOnlyForDeploymentPostprocessing = 0;
		};
		91C2288F1ABA983900E389AF /* Sources */ = {
			isa = PBXSourcesBuildPhase;
			buildActionMask = 2147483647;
			files = (
				91C2289A1ABA983900E389AF /* WoundCareTests.m in Sources */,
			);
			runOnlyForDeploymentPostprocessing = 0;
		};
/* End PBXSourcesBuildPhase section */

/* Begin PBXTargetDependency section */
		91C228951ABA983900E389AF /* PBXTargetDependency */ = {
			isa = PBXTargetDependency;
			target = 91C228761ABA983900E389AF /* WoundCare */;
			targetProxy = 91C228941ABA983900E389AF /* PBXContainerItemProxy */;
		};
/* End PBXTargetDependency section */

/* Begin PBXVariantGroup section */
		91C228871ABA983900E389AF /* Main.storyboard */ = {
			isa = PBXVariantGroup;
			children = (
				91C228881ABA983900E389AF /* Base */,
			);
			name = Main.storyboard;
			sourceTree = "<group>";
		};
		91C2288C1ABA983900E389AF /* LaunchScreen.xib */ = {
			isa = PBXVariantGroup;
			children = (
				91C2288D1ABA983900E389AF /* Base */,
			);
			name = LaunchScreen.xib;
			sourceTree = "<group>";
		};
/* End PBXVariantGroup section */

/* Begin XCBuildConfiguration section */
		91C2289B1ABA983900E389AF /* Debug */ = {
			isa = XCBuildConfiguration;
			buildSettings = {
				ALWAYS_SEARCH_USER_PATHS = NO;
				CLANG_CXX_LANGUAGE_STANDARD = "gnu++0x";
				CLANG_CXX_LIBRARY = "libc++";
				CLANG_ENABLE_MODULES = YES;
				CLANG_ENABLE_OBJC_ARC = YES;
				CLANG_WARN_BOOL_CONVERSION = YES;
				CLANG_WARN_CONSTANT_CONVERSION = YES;
				CLANG_WARN_DIRECT_OBJC_ISA_USAGE = YES_ERROR;
				CLANG_WARN_EMPTY_BODY = YES;
				CLANG_WARN_ENUM_CONVERSION = YES;
				CLANG_WARN_INT_CONVERSION = YES;
				CLANG_WARN_OBJC_ROOT_CLASS = YES_ERROR;
				CLANG_WARN_UNREACHABLE_CODE = YES;
				CLANG_WARN__DUPLICATE_METHOD_MATCH = YES;
				CODE_SIGN_IDENTITY = "iPhone Distribution: Cognizant Technology Solutions India Pvt Ltd/";
				"CODE_SIGN_IDENTITY[sdk=iphoneos*]" = "iPhone Distribution: Cognizant Technology Solutions India Pvt Ltd/";
				COPY_PHASE_STRIP = NO;
				ENABLE_STRICT_OBJC_MSGSEND = YES;
				GCC_C_LANGUAGE_STANDARD = gnu99;
				GCC_DYNAMIC_NO_PIC = NO;
				GCC_OPTIMIZATION_LEVEL = 0;
				GCC_PREPROCESSOR_DEFINITIONS = (
					"DEBUG=1",
					"$(inherited)",
				);
				GCC_SYMBOLS_PRIVATE_EXTERN = NO;
				GCC_WARN_64_TO_32_BIT_CONVERSION = YES;
				GCC_WARN_ABOUT_RETURN_TYPE = YES_ERROR;
				GCC_WARN_UNDECLARED_SELECTOR = YES;
				GCC_WARN_UNINITIALIZED_AUTOS = YES_AGGRESSIVE;
				GCC_WARN_UNUSED_FUNCTION = YES;
				GCC_WARN_UNUSED_VARIABLE = YES;
				IPHONEOS_DEPLOYMENT_TARGET = 8.1;
				MTL_ENABLE_DEBUG_INFO = YES;
				ONLY_ACTIVE_ARCH = YES;
				PROVISIONING_PROFILE = "6E19F26E-B433-43B0-AB19-FBDABF0E900F";
				SDKROOT = iphoneos;
				TARGETED_DEVICE_FAMILY = 2;
			};
			name = Debug;
		};
		91C2289C1ABA983900E389AF /* Release */ = {
			isa = XCBuildConfiguration;
			buildSettings = {
				ALWAYS_SEARCH_USER_PATHS = NO;
				CLANG_CXX_LANGUAGE_STANDARD = "gnu++0x";
				CLANG_CXX_LIBRARY = "libc++";
				CLANG_ENABLE_MODULES = YES;
				CLANG_ENABLE_OBJC_ARC = YES;
				CLANG_WARN_BOOL_CONVERSION = YES;
				CLANG_WARN_CONSTANT_CONVERSION = YES;
				CLANG_WARN_DIRECT_OBJC_ISA_USAGE = YES_ERROR;
				CLANG_WARN_EMPTY_BODY = YES;
				CLANG_WARN_ENUM_CONVERSION = YES;
				CLANG_WARN_INT_CONVERSION = YES;
				CLANG_WARN_OBJC_ROOT_CLASS = YES_ERROR;
				CLANG_WARN_UNREACHABLE_CODE = YES;
				CLANG_WARN__DUPLICATE_METHOD_MATCH = YES;
				CODE_SIGN_IDENTITY = "iPhone Distribution: Cognizant Technology Solutions India Pvt Ltd/";
				"CODE_SIGN_IDENTITY[sdk=iphoneos*]" = "iPhone Distribution: Cognizant Technology Solutions India Pvt Ltd/";
				COPY_PHASE_STRIP = YES;
				ENABLE_NS_ASSERTIONS = NO;
				ENABLE_STRICT_OBJC_MSGSEND = YES;
				GCC_C_LANGUAGE_STANDARD = gnu99;
				GCC_WARN_64_TO_32_BIT_CONVERSION = YES;
				GCC_WARN_ABOUT_RETURN_TYPE = YES_ERROR;
				GCC_WARN_UNDECLARED_SELECTOR = YES;
				GCC_WARN_UNINITIALIZED_AUTOS = YES_AGGRESSIVE;
				GCC_WARN_UNUSED_FUNCTION = YES;
				GCC_WARN_UNUSED_VARIABLE = YES;
				IPHONEOS_DEPLOYMENT_TARGET = 8.1;
				MTL_ENABLE_DEBUG_INFO = NO;
				PROVISIONING_PROFILE = "6E19F26E-B433-43B0-AB19-FBDABF0E900F";
				SDKROOT = iphoneos;
				TARGETED_DEVICE_FAMILY = 2;
				VALIDATE_PRODUCT = YES;
			};
			name = Release;
		};
		91C2289E1ABA983900E389AF /* Debug */ = {
			isa = XCBuildConfiguration;
			buildSettings = {
				ASSETCATALOG_COMPILER_APPICON_NAME = AppIcon;
				CODE_SIGN_IDENTITY = "iPhone Distribution: Cognizant Technology Solutions India Pvt Ltd/";
				INFOPLIST_FILE = WoundCare/Info.plist;
				IPHONEOS_DEPLOYMENT_TARGET = 7.0;
				LD_RUNPATH_SEARCH_PATHS = "$(inherited) @executable_path/Frameworks";
				PRODUCT_NAME = "$(TARGET_NAME)";
				PROVISIONING_PROFILE = "6E19F26E-B433-43B0-AB19-FBDABF0E900F";
			};
			name = Debug;
		};
		91C2289F1ABA983900E389AF /* Release */ = {
			isa = XCBuildConfiguration;
			buildSettings = {
				ASSETCATALOG_COMPILER_APPICON_NAME = AppIcon;
				CODE_SIGN_IDENTITY = "iPhone Distribution: Cognizant Technology Solutions India Pvt Ltd/";
				INFOPLIST_FILE = WoundCare/Info.plist;
				IPHONEOS_DEPLOYMENT_TARGET = 7.0;
				LD_RUNPATH_SEARCH_PATHS = "$(inherited) @executable_path/Frameworks";
				PRODUCT_NAME = "$(TARGET_NAME)";
				PROVISIONING_PROFILE = "6E19F26E-B433-43B0-AB19-FBDABF0E900F";
			};
			name = Release;
		};
		91C228A11ABA983900E389AF /* Debug */ = {
			isa = XCBuildConfiguration;
			buildSettings = {
				BUNDLE_LOADER = "$(TEST_HOST)";
				FRAMEWORK_SEARCH_PATHS = (
					"$(SDKROOT)/Developer/Library/Frameworks",
					"$(inherited)",
				);
				GCC_PREPROCESSOR_DEFINITIONS = (
					"DEBUG=1",
					"$(inherited)",
				);
				INFOPLIST_FILE = WoundCareTests/Info.plist;
				LD_RUNPATH_SEARCH_PATHS = "$(inherited) @executable_path/Frameworks @loader_path/Frameworks";
				PRODUCT_NAME = "$(TARGET_NAME)";
				TEST_HOST = "$(BUILT_PRODUCTS_DIR)/WoundCare.app/WoundCare";
			};
			name = Debug;
		};
		91C228A21ABA983900E389AF /* Release */ = {
			isa = XCBuildConfiguration;
			buildSettings = {
				BUNDLE_LOADER = "$(TEST_HOST)";
				FRAMEWORK_SEARCH_PATHS = (
					"$(SDKROOT)/Developer/Library/Frameworks",
					"$(inherited)",
				);
				INFOPLIST_FILE = WoundCareTests/Info.plist;
				LD_RUNPATH_SEARCH_PATHS = "$(inherited) @executable_path/Frameworks @loader_path/Frameworks";
				PRODUCT_NAME = "$(TARGET_NAME)";
				TEST_HOST = "$(BUILT_PRODUCTS_DIR)/WoundCare.app/WoundCare";
			};
			name = Release;
		};
/* End XCBuildConfiguration section */

/* Begin XCConfigurationList section */
		91C228721ABA983900E389AF /* Build configuration list for PBXProject "WoundCare" */ = {
			isa = XCConfigurationList;
			buildConfigurations = (
				91C2289B1ABA983900E389AF /* Debug */,
				91C2289C1ABA983900E389AF /* Release */,
			);
			defaultConfigurationIsVisible = 0;
			defaultConfigurationName = Release;
		};
		91C2289D1ABA983900E389AF /* Build configuration list for PBXNativeTarget "WoundCare" */ = {
			isa = XCConfigurationList;
			buildConfigurations = (
				91C2289E1ABA983900E389AF /* Debug */,
				91C2289F1ABA983900E389AF /* Release */,
			);
			defaultConfigurationIsVisible = 0;
			defaultConfigurationName = Release;
		};
		91C228A01ABA983900E389AF /* Build configuration list for PBXNativeTarget "WoundCareTests" */ = {
			isa = XCConfigurationList;
			buildConfigurations = (
				91C228A11ABA983900E389AF /* Debug */,
				91C228A21ABA983900E389AF /* Release */,
			);
			defaultConfigurationIsVisible = 0;
			defaultConfigurationName = Release;
		};
/* End XCConfigurationList section */

/* Begin XCVersionGroup section */
		91C228811ABA983900E389AF /* WoundCare.xcdatamodeld */ = {
			isa = XCVersionGroup;
			children = (
				91C228821ABA983900E389AF /* WoundCare.xcdatamodel */,
			);
			currentVersion = 91C228821ABA983900E389AF /* WoundCare.xcdatamodel */;
			path = WoundCare.xcdatamodeld;
			sourceTree = "<group>";
			versionGroupType = wrapper.xcdatamodel;
		};
/* End XCVersionGroup section */
	};
	rootObject = 91C2286F1ABA983900E389AF /* Project object */;
}
